
Microsoft Visual Studio Solution File, Format Version 12.00
# Visual Studio 2013
VisualStudioVersion = 12.0.30723.0
MinimumVisualStudioVersion = 10.0.40219.1
Project("{FAE04EC0-301F-11D3-BF4B-00C04F79EFBC}") = "VisualRust", "VisualRust\VisualRust.csproj", "{8B7B30F7-17C1-4CE8-BAF4-88B086AF7B25}"
EndProject
Project("{FAE04EC0-301F-11D3-BF4B-00C04F79EFBC}") = "RustLexer", "RustLexer\RustLexer.csproj", "{E983E989-F83A-4643-896A-AD496BF647D0}"
EndProject
Project("{2150E333-8FDC-42A3-9474-1A3956D46DE8}") = "Solution Items", "Solution Items", "{738916D8-D904-4252-A9EC-6D96886FF95C}"
	ProjectSection(SolutionItems) = preProject
		README.md = README.md
	EndProjectSection
EndProject
Project("{FAE04EC0-301F-11D3-BF4B-00C04F79EFBC}") = "Microsoft.VisualStudio.Project", "Microsoft.VisualStudio.Project\Microsoft.VisualStudio.Project.csproj", "{CACB60A9-1E76-4F92-8831-B134A658C695}"
EndProject
Global
	GlobalSection(SolutionConfigurationPlatforms) = preSolution
		Debug|Any CPU = Debug|Any CPU
		Release|Any CPU = Release|Any CPU
	EndGlobalSection
	GlobalSection(ProjectConfigurationPlatforms) = postSolution
		{8B7B30F7-17C1-4CE8-BAF4-88B086AF7B25}.Debug|Any CPU.ActiveCfg = Debug|Any CPU
		{8B7B30F7-17C1-4CE8-BAF4-88B086AF7B25}.Debug|Any CPU.Build.0 = Debug|Any CPU
		{8B7B30F7-17C1-4CE8-BAF4-88B086AF7B25}.Release|Any CPU.ActiveCfg = Release|Any CPU
		{8B7B30F7-17C1-4CE8-BAF4-88B086AF7B25}.Release|Any CPU.Build.0 = Release|Any CPU
		{E983E989-F83A-4643-896A-AD496BF647D0}.Debug|Any CPU.ActiveCfg = Debug|Any CPU
		{E983E989-F83A-4643-896A-AD496BF647D0}.Debug|Any CPU.Build.0 = Debug|Any CPU
		{E983E989-F83A-4643-896A-AD496BF647D0}.Release|Any CPU.ActiveCfg = Release|Any CPU
		{E983E989-F83A-4643-896A-AD496BF647D0}.Release|Any CPU.Build.0 = Release|Any CPU
		{CACB60A9-1E76-4F92-8831-B134A658C695}.Debug|Any CPU.ActiveCfg = Debug|Any CPU
		{CACB60A9-1E76-4F92-8831-B134A658C695}.Debug|Any CPU.Build.0 = Debug|Any CPU
		{CACB60A9-1E76-4F92-8831-B134A658C695}.Release|Any CPU.ActiveCfg = Release|Any CPU
		{CACB60A9-1E76-4F92-8831-B134A658C695}.Release|Any CPU.Build.0 = Release|Any CPU
	EndGlobalSection
	GlobalSection(SolutionProperties) = preSolution
		HideSolutionNode = FALSE
	EndGlobalSection
EndGlobal
