
Microsoft Visual Studio Solution File, Format Version 12.00
# Visual Studio 2013
VisualStudioVersion = 12.0.31101.0
MinimumVisualStudioVersion = 10.0.40219.1
Project("{FAE04EC0-301F-11D3-BF4B-00C04F79EFBC}") = "VisualRust", "VisualRust\VisualRust.csproj", "{8B7B30F7-17C1-4CE8-BAF4-88B086AF7B25}"
EndProject
Project("{FAE04EC0-301F-11D3-BF4B-00C04F79EFBC}") = "RustLexer", "RustLexer\RustLexer.csproj", "{E983E989-F83A-4643-896A-AD496BF647D0}"
EndProject
Project("{2150E333-8FDC-42A3-9474-1A3956D46DE8}") = "Solution Items", "Solution Items", "{738916D8-D904-4252-A9EC-6D96886FF95C}"
	ProjectSection(SolutionItems) = preProject
		README.md = README.md
	EndProjectSection
EndProject
Project("{FAE04EC0-301F-11D3-BF4B-00C04F79EFBC}") = "Microsoft.VisualStudio.Project", "Microsoft.VisualStudio.Project\Microsoft.VisualStudio.Project.csproj", "{CACB60A9-1E76-4F92-8831-B134A658C695}"
EndProject
Project("{FAE04EC0-301F-11D3-BF4B-00C04F79EFBC}") = "VisualRust.Build", "VisualRust.Build\VisualRust.Build.csproj", "{9CF556AB-76FE-4C3D-AD0A-B64B3B9989B4}"
EndProject
Project("{930C7802-8A8C-48F9-8165-68863BCCD9DD}") = "VisualRust.Setup", "VisualRust.Setup\VisualRust.Setup.wixproj", "{272707AC-4E61-460E-B925-762E7FEB1CDD}"
EndProject
Project("{FAE04EC0-301F-11D3-BF4B-00C04F79EFBC}") = "VisualRust.Templates", "VisualRust.Templates\VisualRust.Templates.csproj", "{59D94B96-1AF7-46F2-8790-AAB6DFAE8D9A}"
EndProject
Project("{FAE04EC0-301F-11D3-BF4B-00C04F79EFBC}") = "VisualRust.Project", "VisualRust.Project\VisualRust.Project.csproj", "{475C4DF2-4D4B-4F2C-9F27-414148DD6F11}"
EndProject
Project("{FAE04EC0-301F-11D3-BF4B-00C04F79EFBC}") = "VisualRust.Test", "VisualRust.Test\VisualRust.Test.csproj", "{C68F80B6-62AC-44EB-8557-88761524B495}"
EndProject
Project("{FAE04EC0-301F-11D3-BF4B-00C04F79EFBC}") = "VisualRust.Test.Integration", "VisualRust.Test.Integration\VisualRust.Test.Integration.csproj", "{5276348D-B99D-408B-A16E-4B2C527E7EA0}"
EndProject
Global
	GlobalSection(SolutionConfigurationPlatforms) = preSolution
		Debug|Any CPU = Debug|Any CPU
		Debug|Mixed Platforms = Debug|Mixed Platforms
		Debug|x86 = Debug|x86
		Release|Any CPU = Release|Any CPU
		Release|Mixed Platforms = Release|Mixed Platforms
		Release|x86 = Release|x86
	EndGlobalSection
	GlobalSection(ProjectConfigurationPlatforms) = postSolution
		{8B7B30F7-17C1-4CE8-BAF4-88B086AF7B25}.Debug|Any CPU.ActiveCfg = Debug|Any CPU
		{8B7B30F7-17C1-4CE8-BAF4-88B086AF7B25}.Debug|Any CPU.Build.0 = Debug|Any CPU
		{8B7B30F7-17C1-4CE8-BAF4-88B086AF7B25}.Debug|Mixed Platforms.ActiveCfg = Debug|Any CPU
		{8B7B30F7-17C1-4CE8-BAF4-88B086AF7B25}.Debug|Mixed Platforms.Build.0 = Debug|Any CPU
		{8B7B30F7-17C1-4CE8-BAF4-88B086AF7B25}.Debug|x86.ActiveCfg = Debug|Any CPU
		{8B7B30F7-17C1-4CE8-BAF4-88B086AF7B25}.Release|Any CPU.ActiveCfg = Release|Any CPU
		{8B7B30F7-17C1-4CE8-BAF4-88B086AF7B25}.Release|Any CPU.Build.0 = Release|Any CPU
		{8B7B30F7-17C1-4CE8-BAF4-88B086AF7B25}.Release|Mixed Platforms.ActiveCfg = Release|Any CPU
		{8B7B30F7-17C1-4CE8-BAF4-88B086AF7B25}.Release|Mixed Platforms.Build.0 = Release|Any CPU
		{8B7B30F7-17C1-4CE8-BAF4-88B086AF7B25}.Release|x86.ActiveCfg = Release|Any CPU
		{E983E989-F83A-4643-896A-AD496BF647D0}.Debug|Any CPU.ActiveCfg = Debug|Any CPU
		{E983E989-F83A-4643-896A-AD496BF647D0}.Debug|Any CPU.Build.0 = Debug|Any CPU
		{E983E989-F83A-4643-896A-AD496BF647D0}.Debug|Mixed Platforms.ActiveCfg = Debug|Any CPU
		{E983E989-F83A-4643-896A-AD496BF647D0}.Debug|Mixed Platforms.Build.0 = Debug|Any CPU
		{E983E989-F83A-4643-896A-AD496BF647D0}.Debug|x86.ActiveCfg = Debug|Any CPU
		{E983E989-F83A-4643-896A-AD496BF647D0}.Release|Any CPU.ActiveCfg = Release|Any CPU
		{E983E989-F83A-4643-896A-AD496BF647D0}.Release|Any CPU.Build.0 = Release|Any CPU
		{E983E989-F83A-4643-896A-AD496BF647D0}.Release|Mixed Platforms.ActiveCfg = Release|Any CPU
		{E983E989-F83A-4643-896A-AD496BF647D0}.Release|Mixed Platforms.Build.0 = Release|Any CPU
		{E983E989-F83A-4643-896A-AD496BF647D0}.Release|x86.ActiveCfg = Release|Any CPU
		{CACB60A9-1E76-4F92-8831-B134A658C695}.Debug|Any CPU.ActiveCfg = Debug|Any CPU
		{CACB60A9-1E76-4F92-8831-B134A658C695}.Debug|Any CPU.Build.0 = Debug|Any CPU
		{CACB60A9-1E76-4F92-8831-B134A658C695}.Debug|Mixed Platforms.ActiveCfg = Debug|Any CPU
		{CACB60A9-1E76-4F92-8831-B134A658C695}.Debug|Mixed Platforms.Build.0 = Debug|Any CPU
		{CACB60A9-1E76-4F92-8831-B134A658C695}.Debug|x86.ActiveCfg = Debug|Any CPU
		{CACB60A9-1E76-4F92-8831-B134A658C695}.Release|Any CPU.ActiveCfg = Release|Any CPU
		{CACB60A9-1E76-4F92-8831-B134A658C695}.Release|Any CPU.Build.0 = Release|Any CPU
		{CACB60A9-1E76-4F92-8831-B134A658C695}.Release|Mixed Platforms.ActiveCfg = Release|Any CPU
		{CACB60A9-1E76-4F92-8831-B134A658C695}.Release|Mixed Platforms.Build.0 = Release|Any CPU
		{CACB60A9-1E76-4F92-8831-B134A658C695}.Release|x86.ActiveCfg = Release|Any CPU
		{9CF556AB-76FE-4C3D-AD0A-B64B3B9989B4}.Debug|Any CPU.ActiveCfg = Debug|Any CPU
		{9CF556AB-76FE-4C3D-AD0A-B64B3B9989B4}.Debug|Any CPU.Build.0 = Debug|Any CPU
		{9CF556AB-76FE-4C3D-AD0A-B64B3B9989B4}.Debug|Mixed Platforms.ActiveCfg = Debug|Any CPU
		{9CF556AB-76FE-4C3D-AD0A-B64B3B9989B4}.Debug|Mixed Platforms.Build.0 = Debug|Any CPU
		{9CF556AB-76FE-4C3D-AD0A-B64B3B9989B4}.Debug|x86.ActiveCfg = Debug|Any CPU
		{9CF556AB-76FE-4C3D-AD0A-B64B3B9989B4}.Release|Any CPU.ActiveCfg = Release|Any CPU
		{9CF556AB-76FE-4C3D-AD0A-B64B3B9989B4}.Release|Any CPU.Build.0 = Release|Any CPU
		{9CF556AB-76FE-4C3D-AD0A-B64B3B9989B4}.Release|Mixed Platforms.ActiveCfg = Release|Any CPU
		{9CF556AB-76FE-4C3D-AD0A-B64B3B9989B4}.Release|Mixed Platforms.Build.0 = Release|Any CPU
		{9CF556AB-76FE-4C3D-AD0A-B64B3B9989B4}.Release|x86.ActiveCfg = Release|Any CPU
		{272707AC-4E61-460E-B925-762E7FEB1CDD}.Debug|Any CPU.ActiveCfg = Debug|x86
		{272707AC-4E61-460E-B925-762E7FEB1CDD}.Debug|Mixed Platforms.ActiveCfg = Debug|x86
		{272707AC-4E61-460E-B925-762E7FEB1CDD}.Debug|x86.ActiveCfg = Debug|x86
		{272707AC-4E61-460E-B925-762E7FEB1CDD}.Debug|x86.Build.0 = Debug|x86
		{272707AC-4E61-460E-B925-762E7FEB1CDD}.Release|Any CPU.ActiveCfg = Release|x86
		{272707AC-4E61-460E-B925-762E7FEB1CDD}.Release|Any CPU.Build.0 = Release|x86
		{272707AC-4E61-460E-B925-762E7FEB1CDD}.Release|Mixed Platforms.ActiveCfg = Release|x86
		{272707AC-4E61-460E-B925-762E7FEB1CDD}.Release|Mixed Platforms.Build.0 = Release|x86
		{272707AC-4E61-460E-B925-762E7FEB1CDD}.Release|x86.ActiveCfg = Release|x86
		{272707AC-4E61-460E-B925-762E7FEB1CDD}.Release|x86.Build.0 = Release|x86
		{59D94B96-1AF7-46F2-8790-AAB6DFAE8D9A}.Debug|Any CPU.ActiveCfg = Debug|Any CPU
		{59D94B96-1AF7-46F2-8790-AAB6DFAE8D9A}.Debug|Any CPU.Build.0 = Debug|Any CPU
		{59D94B96-1AF7-46F2-8790-AAB6DFAE8D9A}.Debug|Mixed Platforms.ActiveCfg = Debug|Any CPU
		{59D94B96-1AF7-46F2-8790-AAB6DFAE8D9A}.Debug|Mixed Platforms.Build.0 = Debug|Any CPU
		{59D94B96-1AF7-46F2-8790-AAB6DFAE8D9A}.Debug|x86.ActiveCfg = Debug|Any CPU
		{59D94B96-1AF7-46F2-8790-AAB6DFAE8D9A}.Release|Any CPU.ActiveCfg = Release|Any CPU
		{59D94B96-1AF7-46F2-8790-AAB6DFAE8D9A}.Release|Any CPU.Build.0 = Release|Any CPU
		{59D94B96-1AF7-46F2-8790-AAB6DFAE8D9A}.Release|Mixed Platforms.ActiveCfg = Release|Any CPU
		{59D94B96-1AF7-46F2-8790-AAB6DFAE8D9A}.Release|Mixed Platforms.Build.0 = Release|Any CPU
		{59D94B96-1AF7-46F2-8790-AAB6DFAE8D9A}.Release|x86.ActiveCfg = Release|Any CPU
		{475C4DF2-4D4B-4F2C-9F27-414148DD6F11}.Debug|Any CPU.ActiveCfg = Debug|Any CPU
		{475C4DF2-4D4B-4F2C-9F27-414148DD6F11}.Debug|Any CPU.Build.0 = Debug|Any CPU
		{475C4DF2-4D4B-4F2C-9F27-414148DD6F11}.Debug|Mixed Platforms.ActiveCfg = Debug|Any CPU
		{475C4DF2-4D4B-4F2C-9F27-414148DD6F11}.Debug|Mixed Platforms.Build.0 = Debug|Any CPU
		{475C4DF2-4D4B-4F2C-9F27-414148DD6F11}.Debug|x86.ActiveCfg = Debug|Any CPU
		{475C4DF2-4D4B-4F2C-9F27-414148DD6F11}.Release|Any CPU.ActiveCfg = Release|Any CPU
		{475C4DF2-4D4B-4F2C-9F27-414148DD6F11}.Release|Any CPU.Build.0 = Release|Any CPU
		{475C4DF2-4D4B-4F2C-9F27-414148DD6F11}.Release|Mixed Platforms.ActiveCfg = Release|Any CPU
		{475C4DF2-4D4B-4F2C-9F27-414148DD6F11}.Release|Mixed Platforms.Build.0 = Release|Any CPU
		{475C4DF2-4D4B-4F2C-9F27-414148DD6F11}.Release|x86.ActiveCfg = Release|Any CPU
		{C68F80B6-62AC-44EB-8557-88761524B495}.Debug|Any CPU.ActiveCfg = Debug|Any CPU
		{C68F80B6-62AC-44EB-8557-88761524B495}.Debug|Any CPU.Build.0 = Debug|Any CPU
		{C68F80B6-62AC-44EB-8557-88761524B495}.Debug|Mixed Platforms.ActiveCfg = Debug|Any CPU
		{C68F80B6-62AC-44EB-8557-88761524B495}.Debug|Mixed Platforms.Build.0 = Debug|Any CPU
		{C68F80B6-62AC-44EB-8557-88761524B495}.Debug|x86.ActiveCfg = Debug|Any CPU
		{C68F80B6-62AC-44EB-8557-88761524B495}.Release|Any CPU.ActiveCfg = Release|Any CPU
		{C68F80B6-62AC-44EB-8557-88761524B495}.Release|Mixed Platforms.ActiveCfg = Release|Any CPU
		{C68F80B6-62AC-44EB-8557-88761524B495}.Release|x86.ActiveCfg = Release|Any CPU
		{5276348D-B99D-408B-A16E-4B2C527E7EA0}.Debug|Any CPU.ActiveCfg = Debug|Any CPU
		{5276348D-B99D-408B-A16E-4B2C527E7EA0}.Debug|Any CPU.Build.0 = Debug|Any CPU
		{5276348D-B99D-408B-A16E-4B2C527E7EA0}.Debug|Mixed Platforms.ActiveCfg = Debug|Any CPU
		{5276348D-B99D-408B-A16E-4B2C527E7EA0}.Debug|Mixed Platforms.Build.0 = Debug|Any CPU
		{5276348D-B99D-408B-A16E-4B2C527E7EA0}.Debug|x86.ActiveCfg = Debug|Any CPU
		{5276348D-B99D-408B-A16E-4B2C527E7EA0}.Release|Any CPU.ActiveCfg = Release|Any CPU
		{5276348D-B99D-408B-A16E-4B2C527E7EA0}.Release|Mixed Platforms.ActiveCfg = Release|Any CPU
		{5276348D-B99D-408B-A16E-4B2C527E7EA0}.Release|Mixed Platforms.Build.0 = Release|Any CPU
		{5276348D-B99D-408B-A16E-4B2C527E7EA0}.Release|x86.ActiveCfg = Release|Any CPU
	EndGlobalSection
	GlobalSection(SolutionProperties) = preSolution
		HideSolutionNode = FALSE
	EndGlobalSection
EndGlobal
