
Microsoft Visual Studio Solution File, Format Version 12.00
# Visual Studio 14
VisualStudioVersion = 14.0.25420.1
MinimumVisualStudioVersion = 10.0.40219.1
Project("{FAE04EC0-301F-11D3-BF4B-00C04F79EFBC}") = "VisualRust", "VisualRust\VisualRust.csproj", "{8B7B30F7-17C1-4CE8-BAF4-88B086AF7B25}"
	ProjectSection(ProjectDependencies) = postProject
		{9CF556AB-76FE-4C3D-AD0A-B64B3B9989B4} = {9CF556AB-76FE-4C3D-AD0A-B64B3B9989B4}
	EndProjectSection
EndProject
Project("{FAE04EC0-301F-11D3-BF4B-00C04F79EFBC}") = "RustLexer", "RustLexer\RustLexer.csproj", "{E983E989-F83A-4643-896A-AD496BF647D0}"
EndProject
Project("{2150E333-8FDC-42A3-9474-1A3956D46DE8}") = "Solution Items", "Solution Items", "{738916D8-D904-4252-A9EC-6D96886FF95C}"
	ProjectSection(SolutionItems) = preProject
		README.md = README.md
	EndProjectSection
EndProject
Project("{FAE04EC0-301F-11D3-BF4B-00C04F79EFBC}") = "VisualRust.Build", "VisualRust.Build\VisualRust.Build.csproj", "{9CF556AB-76FE-4C3D-AD0A-B64B3B9989B4}"
EndProject
Project("{930C7802-8A8C-48F9-8165-68863BCCD9DD}") = "VisualRust.Setup", "VisualRust.Setup\VisualRust.Setup.wixproj", "{272707AC-4E61-460E-B925-762E7FEB1CDD}"
EndProject
Project("{FAE04EC0-301F-11D3-BF4B-00C04F79EFBC}") = "VisualRust.Templates", "VisualRust.Templates\VisualRust.Templates.csproj", "{59D94B96-1AF7-46F2-8790-AAB6DFAE8D9A}"
EndProject
Project("{FAE04EC0-301F-11D3-BF4B-00C04F79EFBC}") = "VisualRust.Test", "VisualRust.Test\VisualRust.Test.csproj", "{C68F80B6-62AC-44EB-8557-88761524B495}"
EndProject
Project("{FAE04EC0-301F-11D3-BF4B-00C04F79EFBC}") = "VisualRust.Shared", "VisualRust.Shared\VisualRust.Shared.csproj", "{B99CC9EB-90F2-4040-9E66-418CC7042153}"
EndProject
Project("{FAE04EC0-301F-11D3-BF4B-00C04F79EFBC}") = "MIDebugEngine", "MIEngine\src\MIDebugEngine\MIDebugEngine.csproj", "{6D2688FE-6FD8-44A8-B96A-6037457F72A7}"
EndProject
Project("{FAE04EC0-301F-11D3-BF4B-00C04F79EFBC}") = "MICore", "MIEngine\src\MICore\MICore.csproj", "{12CC862D-95B7-4224-8E16-B928C6333677}"
EndProject
Project("{FAE04EC0-301F-11D3-BF4B-00C04F79EFBC}") = "VisualRust.Cargo", "VisualRust.Cargo\VisualRust.Cargo.csproj", "{2594DB0D-03FF-40EA-8D27-9930E5D3FF83}"
EndProject
Project("{FAE04EC0-301F-11D3-BF4B-00C04F79EFBC}") = "Microsoft.Common.Core", "Microsoft.Common.Core\Microsoft.Common.Core.csproj", "{5DA4C00B-9F16-4EF9-894D-20329544265E}"
EndProject
Project("{FAE04EC0-301F-11D3-BF4B-00C04F79EFBC}") = "Microsoft.VisualStudio.ProjectSystem.FileSystemMirroring", "Microsoft.VisualStudio.ProjectSystem.FileSystemMirroring\Microsoft.VisualStudio.ProjectSystem.FileSystemMirroring.csproj", "{B8696D0C-8ADB-4C11-8CEE-5C81AA8C6EBD}"
EndProject
Global
	GlobalSection(SolutionConfigurationPlatforms) = preSolution
		Debug|Any CPU = Debug|Any CPU
		Debug|Mixed Platforms = Debug|Mixed Platforms
		Debug|x64 = Debug|x64
		Debug|x86 = Debug|x86
		Release|Any CPU = Release|Any CPU
		Release|Mixed Platforms = Release|Mixed Platforms
		Release|x64 = Release|x64
		Release|x86 = Release|x86
	EndGlobalSection
	GlobalSection(ProjectConfigurationPlatforms) = postSolution
		{8B7B30F7-17C1-4CE8-BAF4-88B086AF7B25}.Debug|Any CPU.ActiveCfg = Debug|Any CPU
		{8B7B30F7-17C1-4CE8-BAF4-88B086AF7B25}.Debug|Any CPU.Build.0 = Debug|Any CPU
		{8B7B30F7-17C1-4CE8-BAF4-88B086AF7B25}.Debug|Mixed Platforms.ActiveCfg = Debug|Any CPU
		{8B7B30F7-17C1-4CE8-BAF4-88B086AF7B25}.Debug|Mixed Platforms.Build.0 = Debug|Any CPU
		{8B7B30F7-17C1-4CE8-BAF4-88B086AF7B25}.Debug|x64.ActiveCfg = Debug|Any CPU
		{8B7B30F7-17C1-4CE8-BAF4-88B086AF7B25}.Debug|x86.ActiveCfg = Debug|Any CPU
		{8B7B30F7-17C1-4CE8-BAF4-88B086AF7B25}.Release|Any CPU.ActiveCfg = Release|Any CPU
		{8B7B30F7-17C1-4CE8-BAF4-88B086AF7B25}.Release|Any CPU.Build.0 = Release|Any CPU
		{8B7B30F7-17C1-4CE8-BAF4-88B086AF7B25}.Release|Mixed Platforms.ActiveCfg = Release|Any CPU
		{8B7B30F7-17C1-4CE8-BAF4-88B086AF7B25}.Release|Mixed Platforms.Build.0 = Release|Any CPU
		{8B7B30F7-17C1-4CE8-BAF4-88B086AF7B25}.Release|x64.ActiveCfg = Release|Any CPU
		{8B7B30F7-17C1-4CE8-BAF4-88B086AF7B25}.Release|x86.ActiveCfg = Release|Any CPU
		{E983E989-F83A-4643-896A-AD496BF647D0}.Debug|Any CPU.ActiveCfg = Debug|Any CPU
		{E983E989-F83A-4643-896A-AD496BF647D0}.Debug|Any CPU.Build.0 = Debug|Any CPU
		{E983E989-F83A-4643-896A-AD496BF647D0}.Debug|Mixed Platforms.ActiveCfg = Debug|Any CPU
		{E983E989-F83A-4643-896A-AD496BF647D0}.Debug|Mixed Platforms.Build.0 = Debug|Any CPU
		{E983E989-F83A-4643-896A-AD496BF647D0}.Debug|x64.ActiveCfg = Debug|Any CPU
		{E983E989-F83A-4643-896A-AD496BF647D0}.Debug|x86.ActiveCfg = Debug|Any CPU
		{E983E989-F83A-4643-896A-AD496BF647D0}.Release|Any CPU.ActiveCfg = Release|Any CPU
		{E983E989-F83A-4643-896A-AD496BF647D0}.Release|Any CPU.Build.0 = Release|Any CPU
		{E983E989-F83A-4643-896A-AD496BF647D0}.Release|Mixed Platforms.ActiveCfg = Release|Any CPU
		{E983E989-F83A-4643-896A-AD496BF647D0}.Release|Mixed Platforms.Build.0 = Release|Any CPU
		{E983E989-F83A-4643-896A-AD496BF647D0}.Release|x64.ActiveCfg = Release|Any CPU
		{E983E989-F83A-4643-896A-AD496BF647D0}.Release|x86.ActiveCfg = Release|Any CPU
		{9CF556AB-76FE-4C3D-AD0A-B64B3B9989B4}.Debug|Any CPU.ActiveCfg = Debug|Any CPU
		{9CF556AB-76FE-4C3D-AD0A-B64B3B9989B4}.Debug|Any CPU.Build.0 = Debug|Any CPU
		{9CF556AB-76FE-4C3D-AD0A-B64B3B9989B4}.Debug|Mixed Platforms.ActiveCfg = Debug|Any CPU
		{9CF556AB-76FE-4C3D-AD0A-B64B3B9989B4}.Debug|Mixed Platforms.Build.0 = Debug|Any CPU
		{9CF556AB-76FE-4C3D-AD0A-B64B3B9989B4}.Debug|x64.ActiveCfg = Debug|Any CPU
		{9CF556AB-76FE-4C3D-AD0A-B64B3B9989B4}.Debug|x86.ActiveCfg = Debug|Any CPU
		{9CF556AB-76FE-4C3D-AD0A-B64B3B9989B4}.Release|Any CPU.ActiveCfg = Release|Any CPU
		{9CF556AB-76FE-4C3D-AD0A-B64B3B9989B4}.Release|Any CPU.Build.0 = Release|Any CPU
		{9CF556AB-76FE-4C3D-AD0A-B64B3B9989B4}.Release|Mixed Platforms.ActiveCfg = Release|Any CPU
		{9CF556AB-76FE-4C3D-AD0A-B64B3B9989B4}.Release|Mixed Platforms.Build.0 = Release|Any CPU
		{9CF556AB-76FE-4C3D-AD0A-B64B3B9989B4}.Release|x64.ActiveCfg = Release|Any CPU
		{9CF556AB-76FE-4C3D-AD0A-B64B3B9989B4}.Release|x86.ActiveCfg = Release|Any CPU
		{272707AC-4E61-460E-B925-762E7FEB1CDD}.Debug|Any CPU.ActiveCfg = Debug|x86
		{272707AC-4E61-460E-B925-762E7FEB1CDD}.Debug|Mixed Platforms.ActiveCfg = Debug|x86
		{272707AC-4E61-460E-B925-762E7FEB1CDD}.Debug|x64.ActiveCfg = Debug|x86
		{272707AC-4E61-460E-B925-762E7FEB1CDD}.Debug|x86.ActiveCfg = Debug|x86
		{272707AC-4E61-460E-B925-762E7FEB1CDD}.Release|Any CPU.ActiveCfg = Release|x86
		{272707AC-4E61-460E-B925-762E7FEB1CDD}.Release|Any CPU.Build.0 = Release|x86
		{272707AC-4E61-460E-B925-762E7FEB1CDD}.Release|Mixed Platforms.ActiveCfg = Release|x86
		{272707AC-4E61-460E-B925-762E7FEB1CDD}.Release|Mixed Platforms.Build.0 = Release|x86
		{272707AC-4E61-460E-B925-762E7FEB1CDD}.Release|x64.ActiveCfg = Release|x86
		{272707AC-4E61-460E-B925-762E7FEB1CDD}.Release|x86.ActiveCfg = Release|x86
		{272707AC-4E61-460E-B925-762E7FEB1CDD}.Release|x86.Build.0 = Release|x86
		{59D94B96-1AF7-46F2-8790-AAB6DFAE8D9A}.Debug|Any CPU.ActiveCfg = Debug|Any CPU
		{59D94B96-1AF7-46F2-8790-AAB6DFAE8D9A}.Debug|Any CPU.Build.0 = Debug|Any CPU
		{59D94B96-1AF7-46F2-8790-AAB6DFAE8D9A}.Debug|Mixed Platforms.ActiveCfg = Debug|Any CPU
		{59D94B96-1AF7-46F2-8790-AAB6DFAE8D9A}.Debug|Mixed Platforms.Build.0 = Debug|Any CPU
		{59D94B96-1AF7-46F2-8790-AAB6DFAE8D9A}.Debug|x64.ActiveCfg = Debug|Any CPU
		{59D94B96-1AF7-46F2-8790-AAB6DFAE8D9A}.Debug|x86.ActiveCfg = Debug|Any CPU
		{59D94B96-1AF7-46F2-8790-AAB6DFAE8D9A}.Release|Any CPU.ActiveCfg = Release|Any CPU
		{59D94B96-1AF7-46F2-8790-AAB6DFAE8D9A}.Release|Any CPU.Build.0 = Release|Any CPU
		{59D94B96-1AF7-46F2-8790-AAB6DFAE8D9A}.Release|Mixed Platforms.ActiveCfg = Release|Any CPU
		{59D94B96-1AF7-46F2-8790-AAB6DFAE8D9A}.Release|Mixed Platforms.Build.0 = Release|Any CPU
		{59D94B96-1AF7-46F2-8790-AAB6DFAE8D9A}.Release|x64.ActiveCfg = Release|Any CPU
		{59D94B96-1AF7-46F2-8790-AAB6DFAE8D9A}.Release|x86.ActiveCfg = Release|Any CPU
		{C68F80B6-62AC-44EB-8557-88761524B495}.Debug|Any CPU.ActiveCfg = Debug|Any CPU
		{C68F80B6-62AC-44EB-8557-88761524B495}.Debug|Any CPU.Build.0 = Debug|Any CPU
		{C68F80B6-62AC-44EB-8557-88761524B495}.Debug|Mixed Platforms.ActiveCfg = Debug|Any CPU
		{C68F80B6-62AC-44EB-8557-88761524B495}.Debug|Mixed Platforms.Build.0 = Debug|Any CPU
		{C68F80B6-62AC-44EB-8557-88761524B495}.Debug|x64.ActiveCfg = Debug|Any CPU
		{C68F80B6-62AC-44EB-8557-88761524B495}.Debug|x86.ActiveCfg = Debug|Any CPU
		{C68F80B6-62AC-44EB-8557-88761524B495}.Release|Any CPU.ActiveCfg = Debug|Any CPU
		{C68F80B6-62AC-44EB-8557-88761524B495}.Release|Mixed Platforms.ActiveCfg = Debug|Any CPU
		{C68F80B6-62AC-44EB-8557-88761524B495}.Release|x64.ActiveCfg = Release|Any CPU
		{C68F80B6-62AC-44EB-8557-88761524B495}.Release|x86.ActiveCfg = Debug|Any CPU
		{B99CC9EB-90F2-4040-9E66-418CC7042153}.Debug|Any CPU.ActiveCfg = Debug|Any CPU
		{B99CC9EB-90F2-4040-9E66-418CC7042153}.Debug|Any CPU.Build.0 = Debug|Any CPU
		{B99CC9EB-90F2-4040-9E66-418CC7042153}.Debug|Mixed Platforms.ActiveCfg = Debug|Any CPU
		{B99CC9EB-90F2-4040-9E66-418CC7042153}.Debug|Mixed Platforms.Build.0 = Debug|Any CPU
		{B99CC9EB-90F2-4040-9E66-418CC7042153}.Debug|x64.ActiveCfg = Debug|Any CPU
		{B99CC9EB-90F2-4040-9E66-418CC7042153}.Debug|x86.ActiveCfg = Debug|Any CPU
		{B99CC9EB-90F2-4040-9E66-418CC7042153}.Release|Any CPU.ActiveCfg = Release|Any CPU
		{B99CC9EB-90F2-4040-9E66-418CC7042153}.Release|Any CPU.Build.0 = Release|Any CPU
		{B99CC9EB-90F2-4040-9E66-418CC7042153}.Release|Mixed Platforms.ActiveCfg = Release|Any CPU
		{B99CC9EB-90F2-4040-9E66-418CC7042153}.Release|Mixed Platforms.Build.0 = Release|Any CPU
		{B99CC9EB-90F2-4040-9E66-418CC7042153}.Release|x64.ActiveCfg = Release|Any CPU
		{B99CC9EB-90F2-4040-9E66-418CC7042153}.Release|x86.ActiveCfg = Release|Any CPU
		{6D2688FE-6FD8-44A8-B96A-6037457F72A7}.Debug|Any CPU.ActiveCfg = Debug|Any CPU
		{6D2688FE-6FD8-44A8-B96A-6037457F72A7}.Debug|Any CPU.Build.0 = Debug|Any CPU
		{6D2688FE-6FD8-44A8-B96A-6037457F72A7}.Debug|Mixed Platforms.ActiveCfg = Debug|Any CPU
		{6D2688FE-6FD8-44A8-B96A-6037457F72A7}.Debug|Mixed Platforms.Build.0 = Debug|Any CPU
		{6D2688FE-6FD8-44A8-B96A-6037457F72A7}.Debug|x64.ActiveCfg = Debug|Any CPU
		{6D2688FE-6FD8-44A8-B96A-6037457F72A7}.Debug|x86.ActiveCfg = Debug|Any CPU
		{6D2688FE-6FD8-44A8-B96A-6037457F72A7}.Release|Any CPU.ActiveCfg = Release|Any CPU
		{6D2688FE-6FD8-44A8-B96A-6037457F72A7}.Release|Any CPU.Build.0 = Release|Any CPU
		{6D2688FE-6FD8-44A8-B96A-6037457F72A7}.Release|Mixed Platforms.ActiveCfg = Release|Any CPU
		{6D2688FE-6FD8-44A8-B96A-6037457F72A7}.Release|Mixed Platforms.Build.0 = Release|Any CPU
		{6D2688FE-6FD8-44A8-B96A-6037457F72A7}.Release|x64.ActiveCfg = Release|Any CPU
		{6D2688FE-6FD8-44A8-B96A-6037457F72A7}.Release|x86.ActiveCfg = Release|Any CPU
		{12CC862D-95B7-4224-8E16-B928C6333677}.Debug|Any CPU.ActiveCfg = Debug|Any CPU
		{12CC862D-95B7-4224-8E16-B928C6333677}.Debug|Any CPU.Build.0 = Debug|Any CPU
		{12CC862D-95B7-4224-8E16-B928C6333677}.Debug|Mixed Platforms.ActiveCfg = Debug|Any CPU
		{12CC862D-95B7-4224-8E16-B928C6333677}.Debug|Mixed Platforms.Build.0 = Debug|Any CPU
		{12CC862D-95B7-4224-8E16-B928C6333677}.Debug|x64.ActiveCfg = Debug|Any CPU
		{12CC862D-95B7-4224-8E16-B928C6333677}.Debug|x86.ActiveCfg = Debug|Any CPU
		{12CC862D-95B7-4224-8E16-B928C6333677}.Release|Any CPU.ActiveCfg = Release|Any CPU
		{12CC862D-95B7-4224-8E16-B928C6333677}.Release|Any CPU.Build.0 = Release|Any CPU
		{12CC862D-95B7-4224-8E16-B928C6333677}.Release|Mixed Platforms.ActiveCfg = Release|Any CPU
		{12CC862D-95B7-4224-8E16-B928C6333677}.Release|Mixed Platforms.Build.0 = Release|Any CPU
		{12CC862D-95B7-4224-8E16-B928C6333677}.Release|x64.ActiveCfg = Release|Any CPU
		{12CC862D-95B7-4224-8E16-B928C6333677}.Release|x86.ActiveCfg = Release|Any CPU
		{2594DB0D-03FF-40EA-8D27-9930E5D3FF83}.Debug|Any CPU.ActiveCfg = Debug|x86
		{2594DB0D-03FF-40EA-8D27-9930E5D3FF83}.Debug|Mixed Platforms.ActiveCfg = Debug|x86
		{2594DB0D-03FF-40EA-8D27-9930E5D3FF83}.Debug|Mixed Platforms.Build.0 = Debug|x86
		{2594DB0D-03FF-40EA-8D27-9930E5D3FF83}.Debug|x64.ActiveCfg = Debug|x86
		{2594DB0D-03FF-40EA-8D27-9930E5D3FF83}.Debug|x86.ActiveCfg = Debug|x86
		{2594DB0D-03FF-40EA-8D27-9930E5D3FF83}.Debug|x86.Build.0 = Debug|x86
		{2594DB0D-03FF-40EA-8D27-9930E5D3FF83}.Release|Any CPU.ActiveCfg = Release|x86
		{2594DB0D-03FF-40EA-8D27-9930E5D3FF83}.Release|Mixed Platforms.ActiveCfg = Release|x86
		{2594DB0D-03FF-40EA-8D27-9930E5D3FF83}.Release|Mixed Platforms.Build.0 = Release|x86
		{2594DB0D-03FF-40EA-8D27-9930E5D3FF83}.Release|x64.ActiveCfg = Release|x86
		{2594DB0D-03FF-40EA-8D27-9930E5D3FF83}.Release|x86.ActiveCfg = Release|x86
		{2594DB0D-03FF-40EA-8D27-9930E5D3FF83}.Release|x86.Build.0 = Release|x86
		{5DA4C00B-9F16-4EF9-894D-20329544265E}.Debug|Any CPU.ActiveCfg = Debug|Any CPU
		{5DA4C00B-9F16-4EF9-894D-20329544265E}.Debug|Any CPU.Build.0 = Debug|Any CPU
		{5DA4C00B-9F16-4EF9-894D-20329544265E}.Debug|Mixed Platforms.ActiveCfg = Debug|Any CPU
		{5DA4C00B-9F16-4EF9-894D-20329544265E}.Debug|Mixed Platforms.Build.0 = Debug|Any CPU
		{5DA4C00B-9F16-4EF9-894D-20329544265E}.Debug|x64.ActiveCfg = Debug|Any CPU
		{5DA4C00B-9F16-4EF9-894D-20329544265E}.Debug|x64.Build.0 = Debug|Any CPU
		{5DA4C00B-9F16-4EF9-894D-20329544265E}.Debug|x86.ActiveCfg = Debug|Any CPU
		{5DA4C00B-9F16-4EF9-894D-20329544265E}.Debug|x86.Build.0 = Debug|Any CPU
		{5DA4C00B-9F16-4EF9-894D-20329544265E}.Release|Any CPU.ActiveCfg = Release|Any CPU
		{5DA4C00B-9F16-4EF9-894D-20329544265E}.Release|Any CPU.Build.0 = Release|Any CPU
		{5DA4C00B-9F16-4EF9-894D-20329544265E}.Release|Mixed Platforms.ActiveCfg = Release|Any CPU
		{5DA4C00B-9F16-4EF9-894D-20329544265E}.Release|Mixed Platforms.Build.0 = Release|Any CPU
		{5DA4C00B-9F16-4EF9-894D-20329544265E}.Release|x64.ActiveCfg = Release|Any CPU
		{5DA4C00B-9F16-4EF9-894D-20329544265E}.Release|x64.Build.0 = Release|Any CPU
		{5DA4C00B-9F16-4EF9-894D-20329544265E}.Release|x86.ActiveCfg = Release|Any CPU
		{5DA4C00B-9F16-4EF9-894D-20329544265E}.Release|x86.Build.0 = Release|Any CPU
		{B8696D0C-8ADB-4C11-8CEE-5C81AA8C6EBD}.Debug|Any CPU.ActiveCfg = Debug|Any CPU
		{B8696D0C-8ADB-4C11-8CEE-5C81AA8C6EBD}.Debug|Any CPU.Build.0 = Debug|Any CPU
		{B8696D0C-8ADB-4C11-8CEE-5C81AA8C6EBD}.Debug|Mixed Platforms.ActiveCfg = Debug|Any CPU
		{B8696D0C-8ADB-4C11-8CEE-5C81AA8C6EBD}.Debug|Mixed Platforms.Build.0 = Debug|Any CPU
		{B8696D0C-8ADB-4C11-8CEE-5C81AA8C6EBD}.Debug|x64.ActiveCfg = Debug|Any CPU
		{B8696D0C-8ADB-4C11-8CEE-5C81AA8C6EBD}.Debug|x64.Build.0 = Debug|Any CPU
		{B8696D0C-8ADB-4C11-8CEE-5C81AA8C6EBD}.Debug|x86.ActiveCfg = Debug|Any CPU
		{B8696D0C-8ADB-4C11-8CEE-5C81AA8C6EBD}.Debug|x86.Build.0 = Debug|Any CPU
		{B8696D0C-8ADB-4C11-8CEE-5C81AA8C6EBD}.Release|Any CPU.ActiveCfg = Release|Any CPU
		{B8696D0C-8ADB-4C11-8CEE-5C81AA8C6EBD}.Release|Any CPU.Build.0 = Release|Any CPU
		{B8696D0C-8ADB-4C11-8CEE-5C81AA8C6EBD}.Release|Mixed Platforms.ActiveCfg = Release|Any CPU
		{B8696D0C-8ADB-4C11-8CEE-5C81AA8C6EBD}.Release|Mixed Platforms.Build.0 = Release|Any CPU
		{B8696D0C-8ADB-4C11-8CEE-5C81AA8C6EBD}.Release|x64.ActiveCfg = Release|Any CPU
		{B8696D0C-8ADB-4C11-8CEE-5C81AA8C6EBD}.Release|x64.Build.0 = Release|Any CPU
		{B8696D0C-8ADB-4C11-8CEE-5C81AA8C6EBD}.Release|x86.ActiveCfg = Release|Any CPU
		{B8696D0C-8ADB-4C11-8CEE-5C81AA8C6EBD}.Release|x86.Build.0 = Release|Any CPU
	EndGlobalSection
	GlobalSection(SolutionProperties) = preSolution
		HideSolutionNode = FALSE
	EndGlobalSection
EndGlobal
